
Microsoft Visual Studio Solution File, Format Version 12.00
# Visual Studio Version 17
VisualStudioVersion = 17.14.37502.11 d17.14
MinimumVisualStudioVersion = 10.0.40219.1
Project("{FAE04EC0-301F-11D3-BF4B-00C04F79EFBC}") = "UlearnCourse", "UlearnCourse.csproj", "{B720BE0A-9985-4578-AFF6-C286508D4949}"
EndProject
Global
	GlobalSection(SolutionConfigurationPlatforms) = preSolution
		Debug|Any CPU = Debug|Any CPU
		Release|Any CPU = Release|Any CPU
	EndGlobalSection
	GlobalSection(ProjectConfigurationPlatforms) = postSolution
		{B720BE0A-9985-4578-AFF6-C286508D4949}.Debug|Any CPU.ActiveCfg = Debug|Any CPU
		{B720BE0A-9985-4578-AFF6-C286508D4949}.Debug|Any CPU.Build.0 = Debug|Any CPU
		{B720BE0A-9985-4578-AFF6-C286508D4949}.Release|Any CPU.ActiveCfg = Release|Any CPU
		{B720BE0A-9985-4578-AFF6-C286508D4949}.Release|Any CPU.Build.0 = Release|Any CPU
	EndGlobalSection
	GlobalSection(SolutionProperties) = preSolution
		HideSolutionNode = FALSE
	EndGlobalSection
	GlobalSection(ExtensibilityGlobals) = postSolution
		SolutionGuid = {F9255BAE-09F7-41FF-B5C5-882A5F61449A}
	EndGlobalSection
EndGlobal
